
Microsoft Visual Studio Solution File, Format Version 12.00
# Visual Studio Version 16
VisualStudioVersion = 16.0.30011.22
MinimumVisualStudioVersion = 10.0.40219.1
Project("{FAE04EC0-301F-11D3-BF4B-00C04F79EFBC}") = "PieShop", "PieShop\PieShop.csproj", "{C37F3399-BC47-4EF0-95E5-64A6DC8218F4}"
EndProject
Global
	GlobalSection(SolutionConfigurationPlatforms) = preSolution
		Debug|Any CPU = Debug|Any CPU
		Release|Any CPU = Release|Any CPU
	EndGlobalSection
	GlobalSection(ProjectConfigurationPlatforms) = postSolution
		{C37F3399-BC47-4EF0-95E5-64A6DC8218F4}.Debug|Any CPU.ActiveCfg = Debug|Any CPU
		{C37F3399-BC47-4EF0-95E5-64A6DC8218F4}.Debug|Any CPU.Build.0 = Debug|Any CPU
		{C37F3399-BC47-4EF0-95E5-64A6DC8218F4}.Release|Any CPU.ActiveCfg = Release|Any CPU
		{C37F3399-BC47-4EF0-95E5-64A6DC8218F4}.Release|Any CPU.Build.0 = Release|Any CPU
	EndGlobalSection
	GlobalSection(SolutionProperties) = preSolution
		HideSolutionNode = FALSE
	EndGlobalSection
	GlobalSection(ExtensibilityGlobals) = postSolution
		SolutionGuid = {4E1FD18A-5A4A-41B1-A0BA-214384C9B0DC}
	EndGlobalSection
EndGlobal
